
Microsoft Visual Studio Solution File, Format Version 12.00
# Visual Studio 15
VisualStudioVersion = 15.0.28307.572
MinimumVisualStudioVersion = 10.0.40219.1
Project("{FAE04EC0-301F-11D3-BF4B-00C04F79EFBC}") = "ICT710_app4", "WindowsFormsApp2\ICT710_app4.csproj", "{FCF832DE-07EE-4F89-B29B-7F5D64C4813B}"
EndProject
Global
	GlobalSection(SolutionConfigurationPlatforms) = preSolution
		Debug|Any CPU = Debug|Any CPU
		Release|Any CPU = Release|Any CPU
	EndGlobalSection
	GlobalSection(ProjectConfigurationPlatforms) = postSolution
		{FCF832DE-07EE-4F89-B29B-7F5D64C4813B}.Debug|Any CPU.ActiveCfg = Debug|Any CPU
		{FCF832DE-07EE-4F89-B29B-7F5D64C4813B}.Debug|Any CPU.Build.0 = Debug|Any CPU
		{FCF832DE-07EE-4F89-B29B-7F5D64C4813B}.Release|Any CPU.ActiveCfg = Release|Any CPU
		{FCF832DE-07EE-4F89-B29B-7F5D64C4813B}.Release|Any CPU.Build.0 = Release|Any CPU
	EndGlobalSection
	GlobalSection(SolutionProperties) = preSolution
		HideSolutionNode = FALSE
	EndGlobalSection
	GlobalSection(ExtensibilityGlobals) = postSolution
		SolutionGuid = {789764EA-9EF0-4602-80E1-9A7D2CD6A67C}
	EndGlobalSection
EndGlobal
